
Microsoft Visual Studio Solution File, Format Version 12.00
# Visual Studio 15
VisualStudioVersion = 15.0.28307.168
MinimumVisualStudioVersion = 10.0.40219.1
Project("{FAE04EC0-301F-11D3-BF4B-00C04F79EFBC}") = "NewXML", "NewXML\NewXML.csproj", "{767C7847-94EC-436A-B698-BD20032C6F6C}"
EndProject
Global
	GlobalSection(SolutionConfigurationPlatforms) = preSolution
		Debug|Any CPU = Debug|Any CPU
		Release|Any CPU = Release|Any CPU
	EndGlobalSection
	GlobalSection(ProjectConfigurationPlatforms) = postSolution
		{767C7847-94EC-436A-B698-BD20032C6F6C}.Debug|Any CPU.ActiveCfg = Debug|Any CPU
		{767C7847-94EC-436A-B698-BD20032C6F6C}.Debug|Any CPU.Build.0 = Debug|Any CPU
		{767C7847-94EC-436A-B698-BD20032C6F6C}.Release|Any CPU.ActiveCfg = Release|Any CPU
		{767C7847-94EC-436A-B698-BD20032C6F6C}.Release|Any CPU.Build.0 = Release|Any CPU
	EndGlobalSection
	GlobalSection(SolutionProperties) = preSolution
		HideSolutionNode = FALSE
	EndGlobalSection
	GlobalSection(ExtensibilityGlobals) = postSolution
		SolutionGuid = {0E000CD2-BA22-4480-9EAE-09D306D1F715}
	EndGlobalSection
EndGlobal
